{
    "requires": true,
    "lockfileVersion": 1,
    "dependencies": {
        "pyright-v1.1.181": {
            "version": "npm:pyright@1.1.181",
            "resolved": "https://registry.npmjs.org/pyright/-/pyright-1.1.181.tgz",
            "integrity": "sha512-YuBEA9qwGYNeTBpUtlFKYlNmK8X3/hz/wTRkfR6Z2HDLBQSOpqmNAu/lWrzDnJopSvXwK2qNrW0zFjCE1I4dzg=="
        },
        "pyright-v1.1.190": {
            "version": "npm:pyright@1.1.190",
            "resolved": "https://registry.npmjs.org/pyright/-/pyright-1.1.190.tgz",
            "integrity": "sha512-rZXmg/xapDxuiqyzs15nj3cxj6IGroX2UNXdEKwTT7RNdwohahfdolqoLIBCtIrbLLmgNUXWtL0cCEqljBKNRg=="
        }
    }
}
